// !$*UTF8*$!
{
	archiveVersion = 1;
	classes = {
	};
	objectVersion = 46;
	objects = {

/* Begin PBXBuildFile section */
		38057C3C1BCBD729001A8784 /* WASUer.m in Sources */ = {isa = PBXBuildFile; fileRef = 38057C3B1BCBD729001A8784 /* WASUer.m */; };
		38057C3F1BCBD7ED001A8784 /* WASPopRecipeList.m in Sources */ = {isa = PBXBuildFile; fileRef = 38057C3E1BCBD7ED001A8784 /* WASPopRecipeList.m */; };
		384945841BC8C19D00B0D868 /* WASRegisterController.m in Sources */ = {isa = PBXBuildFile; fileRef = 384945821BC8C19D00B0D868 /* WASRegisterController.m */; };
		384945851BC8C19D00B0D868 /* WASRegisterController.xib in Resources */ = {isa = PBXBuildFile; fileRef = 384945831BC8C19D00B0D868 /* WASRegisterController.xib */; };
		3849458C1BC8EAA400B0D868 /* WASLoginController.m in Sources */ = {isa = PBXBuildFile; fileRef = 3849458A1BC8EAA400B0D868 /* WASLoginController.m */; };
		384EB00A1BC7757A006E537A /* WASHomePageController.m in Sources */ = {isa = PBXBuildFile; fileRef = 384EB0091BC7757A006E537A /* WASHomePageController.m */; };
		384EB00D1BC79BC2006E537A /* WASMakertController.m in Sources */ = {isa = PBXBuildFile; fileRef = 384EB00C1BC79BC2006E537A /* WASMakertController.m */; };
		384EB0101BC79C05006E537A /* WASCommunityController.m in Sources */ = {isa = PBXBuildFile; fileRef = 384EB00F1BC79C05006E537A /* WASCommunityController.m */; };
		3876680C1BBCC5250033669C /* main.m in Sources */ = {isa = PBXBuildFile; fileRef = 3876680B1BBCC5250033669C /* main.m */; };
		3876680F1BBCC5250033669C /* AppDelegate.m in Sources */ = {isa = PBXBuildFile; fileRef = 3876680E1BBCC5250033669C /* AppDelegate.m */; };
		387668171BBCC5250033669C /* Images.xcassets in Resources */ = {isa = PBXBuildFile; fileRef = 387668161BBCC5250033669C /* Images.xcassets */; };
		387668261BBCC5250033669C /* WASRecipeDemoTests.m in Sources */ = {isa = PBXBuildFile; fileRef = 387668251BBCC5250033669C /* WASRecipeDemoTests.m */; };
		389FF8341BC8A0CF00F77DB2 /* WASSelfController.m in Sources */ = {isa = PBXBuildFile; fileRef = 389FF8331BC8A0CF00F77DB2 /* WASSelfController.m */; };
		389FF8381BC8A15400F77DB2 /* WASLoginRegisterController.m in Sources */ = {isa = PBXBuildFile; fileRef = 389FF8361BC8A15400F77DB2 /* WASLoginRegisterController.m */; };
		389FF8391BC8A15400F77DB2 /* WASLoginRegisterController.xib in Resources */ = {isa = PBXBuildFile; fileRef = 389FF8371BC8A15400F77DB2 /* WASLoginRegisterController.xib */; };
		389FF83C1BC8A2FC00F77DB2 /* WSConst.m in Sources */ = {isa = PBXBuildFile; fileRef = 389FF83B1BC8A2FC00F77DB2 /* WSConst.m */; };
		389FF83F1BC8A37F00F77DB2 /* WASConst.m in Sources */ = {isa = PBXBuildFile; fileRef = 389FF83E1BC8A37F00F77DB2 /* WASConst.m */; };
		38A3B2C11BCC8A6A0061430E /* UIImageView+WASExtension.m in Sources */ = {isa = PBXBuildFile; fileRef = 38A3B2C01BCC8A6A0061430E /* UIImageView+WASExtension.m */; };
		38A3B2C41BCC8B0F0061430E /* UIImage+WASExtension.m in Sources */ = {isa = PBXBuildFile; fileRef = 38A3B2C31BCC8B0F0061430E /* UIImage+WASExtension.m */; };
		38A3B2C81BCC95940061430E /* WASPopRecipeListCell.m in Sources */ = {isa = PBXBuildFile; fileRef = 38A3B2C61BCC95940061430E /* WASPopRecipeListCell.m */; };
		38A3B2C91BCC95940061430E /* WASPopRecipeListCell.xib in Resources */ = {isa = PBXBuildFile; fileRef = 38A3B2C71BCC95940061430E /* WASPopRecipeListCell.xib */; };
		38A3B2CC1BCCA64E0061430E /* MJExtensionConfig.m in Sources */ = {isa = PBXBuildFile; fileRef = 38A3B2CB1BCCA64E0061430E /* MJExtensionConfig.m */; };
		38A3B2CF1BCCAB120061430E /* WASComment.m in Sources */ = {isa = PBXBuildFile; fileRef = 38A3B2CE1BCCAB120061430E /* WASComment.m */; };
		38AEA23E1BC9F25B0025F05D /* WASLoginController.xib in Resources */ = {isa = PBXBuildFile; fileRef = 38AEA23D1BC9F25B0025F05D /* WASLoginController.xib */; };
		38AEA2421BCA0FF30025F05D /* WASShoppingBasketController.m in Sources */ = {isa = PBXBuildFile; fileRef = 38AEA2401BCA0FF30025F05D /* WASShoppingBasketController.m */; };
		38AEA2431BCA0FF30025F05D /* WASShoppingBasketController.xib in Resources */ = {isa = PBXBuildFile; fileRef = 38AEA2411BCA0FF30025F05D /* WASShoppingBasketController.xib */; };
		38DA054A1BBCE42000921325 /* WASTabBarController.m in Sources */ = {isa = PBXBuildFile; fileRef = 38DA05491BBCE42000921325 /* WASTabBarController.m */; };
		38DA054D1BBCE57200921325 /* WASTabBar.m in Sources */ = {isa = PBXBuildFile; fileRef = 38DA054C1BBCE57200921325 /* WASTabBar.m */; };
		38DA05531BBCE68000921325 /* UIButton+WASExtension.m in Sources */ = {isa = PBXBuildFile; fileRef = 38DA05501BBCE68000921325 /* UIButton+WASExtension.m */; };
		38DA05541BBCE68000921325 /* UIView+WASExtension.m in Sources */ = {isa = PBXBuildFile; fileRef = 38DA05521BBCE68000921325 /* UIView+WASExtension.m */; };
		38DA05581BBCE94400921325 /* WASNavigationController.m in Sources */ = {isa = PBXBuildFile; fileRef = 38DA05571BBCE94400921325 /* WASNavigationController.m */; };
		38EF2DC31BC6851800A67848 /* WASTabBarButton.m in Sources */ = {isa = PBXBuildFile; fileRef = 38EF2DC21BC6851800A67848 /* WASTabBarButton.m */; };
		38F512601BC7D9C300D02B37 /* UIBarButtonItem+WASExtension.m in Sources */ = {isa = PBXBuildFile; fileRef = 38F5125F1BC7D9C300D02B37 /* UIBarButtonItem+WASExtension.m */; };
		38FC167D1BCB7B0C007E4629 /* WASPopList.m in Sources */ = {isa = PBXBuildFile; fileRef = 38FC167C1BCB7B0C007E4629 /* WASPopList.m */; };
		38FC16811BCB8E65007E4629 /* WASPopListCell.m in Sources */ = {isa = PBXBuildFile; fileRef = 38FC167F1BCB8E65007E4629 /* WASPopListCell.m */; };
		38FC16821BCB8E65007E4629 /* WASPopListCell.xib in Resources */ = {isa = PBXBuildFile; fileRef = 38FC16801BCB8E65007E4629 /* WASPopListCell.xib */; };
		38FC16841BCB9708007E4629 /* lists.plist in Resources */ = {isa = PBXBuildFile; fileRef = 38FC16831BCB9708007E4629 /* lists.plist */; };
		44D16C58163CE54F70D7BE78 /* libPods.a in Frameworks */ = {isa = PBXBuildFile; fileRef = B8043D6E30CB86D6D3F10E6E /* libPods.a */; };
/* End PBXBuildFile section */

/* Begin PBXContainerItemProxy section */
		387668201BBCC5250033669C /* PBXContainerItemProxy */ = {
			isa = PBXContainerItemProxy;
			containerPortal = 387667FE1BBCC5240033669C /* Project object */;
			proxyType = 1;
			remoteGlobalIDString = 387668051BBCC5250033669C;
			remoteInfo = WASRecipeDemo;
		};
/* End PBXContainerItemProxy section */

/* Begin PBXFileReference section */
		36F499F93B2D348F5C91DF79 /* Pods.release.xcconfig */ = {isa = PBXFileReference; includeInIndex = 1; lastKnownFileType = text.xcconfig; name = Pods.release.xcconfig; path = "Pods/Target Support Files/Pods/Pods.release.xcconfig"; sourceTree = "<group>"; };
		38057C3A1BCBD729001A8784 /* WASUer.h */ = {isa = PBXFileReference; fileEncoding = 4; lastKnownFileType = sourcecode.c.h; path = WASUer.h; sourceTree = "<group>"; };
		38057C3B1BCBD729001A8784 /* WASUer.m */ = {isa = PBXFileReference; fileEncoding = 4; lastKnownFileType = sourcecode.c.objc; path = WASUer.m; sourceTree = "<group>"; };
		38057C3D1BCBD7ED001A8784 /* WASPopRecipeList.h */ = {isa = PBXFileReference; fileEncoding = 4; lastKnownFileType = sourcecode.c.h; path = WASPopRecipeList.h; sourceTree = "<group>"; };
		38057C3E1BCBD7ED001A8784 /* WASPopRecipeList.m */ = {isa = PBXFileReference; fileEncoding = 4; lastKnownFileType = sourcecode.c.objc; path = WASPopRecipeList.m; sourceTree = "<group>"; };
		384945811BC8C19D00B0D868 /* WASRegisterController.h */ = {isa = PBXFileReference; fileEncoding = 4; lastKnownFileType = sourcecode.c.h; path = WASRegisterController.h; sourceTree = "<group>"; };
		384945821BC8C19D00B0D868 /* WASRegisterController.m */ = {isa = PBXFileReference; fileEncoding = 4; lastKnownFileType = sourcecode.c.objc; path = WASRegisterController.m; sourceTree = "<group>"; };
		384945831BC8C19D00B0D868 /* WASRegisterController.xib */ = {isa = PBXFileReference; fileEncoding = 4; lastKnownFileType = file.xib; path = WASRegisterController.xib; sourceTree = "<group>"; };
		384945891BC8EAA400B0D868 /* WASLoginController.h */ = {isa = PBXFileReference; fileEncoding = 4; lastKnownFileType = sourcecode.c.h; path = WASLoginController.h; sourceTree = "<group>"; };
		3849458A1BC8EAA400B0D868 /* WASLoginController.m */ = {isa = PBXFileReference; fileEncoding = 4; lastKnownFileType = sourcecode.c.objc; path = WASLoginController.m; sourceTree = "<group>"; };
		384EB0081BC7757A006E537A /* WASHomePageController.h */ = {isa = PBXFileReference; fileEncoding = 4; lastKnownFileType = sourcecode.c.h; path = WASHomePageController.h; sourceTree = "<group>"; };
		384EB0091BC7757A006E537A /* WASHomePageController.m */ = {isa = PBXFileReference; fileEncoding = 4; lastKnownFileType = sourcecode.c.objc; path = WASHomePageController.m; sourceTree = "<group>"; };
		384EB00B1BC79BC2006E537A /* WASMakertController.h */ = {isa = PBXFileReference; fileEncoding = 4; lastKnownFileType = sourcecode.c.h; path = WASMakertController.h; sourceTree = "<group>"; };
		384EB00C1BC79BC2006E537A /* WASMakertController.m */ = {isa = PBXFileReference; fileEncoding = 4; lastKnownFileType = sourcecode.c.objc; path = WASMakertController.m; sourceTree = "<group>"; };
		384EB00E1BC79C05006E537A /* WASCommunityController.h */ = {isa = PBXFileReference; fileEncoding = 4; lastKnownFileType = sourcecode.c.h; path = WASCommunityController.h; sourceTree = "<group>"; };
		384EB00F1BC79C05006E537A /* WASCommunityController.m */ = {isa = PBXFileReference; fileEncoding = 4; lastKnownFileType = sourcecode.c.objc; path = WASCommunityController.m; sourceTree = "<group>"; };
		387668061BBCC5250033669C /* WASRecipeDemo.app */ = {isa = PBXFileReference; explicitFileType = wrapper.application; includeInIndex = 0; path = WASRecipeDemo.app; sourceTree = BUILT_PRODUCTS_DIR; };
		3876680A1BBCC5250033669C /* Info.plist */ = {isa = PBXFileReference; lastKnownFileType = text.plist.xml; path = Info.plist; sourceTree = "<group>"; };
		3876680B1BBCC5250033669C /* main.m */ = {isa = PBXFileReference; lastKnownFileType = sourcecode.c.objc; name = main.m; path = ../../main.m; sourceTree = "<group>"; };
		3876680D1BBCC5250033669C /* AppDelegate.h */ = {isa = PBXFileReference; lastKnownFileType = sourcecode.c.h; name = AppDelegate.h; path = ../../AppDelegate.h; sourceTree = "<group>"; };
		3876680E1BBCC5250033669C /* AppDelegate.m */ = {isa = PBXFileReference; lastKnownFileType = sourcecode.c.objc; name = AppDelegate.m; path = ../../AppDelegate.m; sourceTree = "<group>"; };
		387668161BBCC5250033669C /* Images.xcassets */ = {isa = PBXFileReference; lastKnownFileType = folder.assetcatalog; path = Images.xcassets; sourceTree = "<group>"; };
		3876681F1BBCC5250033669C /* WASRecipeDemoTests.xctest */ = {isa = PBXFileReference; explicitFileType = wrapper.cfbundle; includeInIndex = 0; path = WASRecipeDemoTests.xctest; sourceTree = BUILT_PRODUCTS_DIR; };
		387668241BBCC5250033669C /* Info.plist */ = {isa = PBXFileReference; lastKnownFileType = text.plist.xml; path = Info.plist; sourceTree = "<group>"; };
		387668251BBCC5250033669C /* WASRecipeDemoTests.m */ = {isa = PBXFileReference; lastKnownFileType = sourcecode.c.objc; path = WASRecipeDemoTests.m; sourceTree = "<group>"; };
		389FF8321BC8A0CF00F77DB2 /* WASSelfController.h */ = {isa = PBXFileReference; fileEncoding = 4; lastKnownFileType = sourcecode.c.h; path = WASSelfController.h; sourceTree = "<group>"; };
		389FF8331BC8A0CF00F77DB2 /* WASSelfController.m */ = {isa = PBXFileReference; fileEncoding = 4; lastKnownFileType = sourcecode.c.objc; path = WASSelfController.m; sourceTree = "<group>"; };
		389FF8351BC8A15400F77DB2 /* WASLoginRegisterController.h */ = {isa = PBXFileReference; fileEncoding = 4; lastKnownFileType = sourcecode.c.h; path = WASLoginRegisterController.h; sourceTree = "<group>"; };
		389FF8361BC8A15400F77DB2 /* WASLoginRegisterController.m */ = {isa = PBXFileReference; fileEncoding = 4; lastKnownFileType = sourcecode.c.objc; path = WASLoginRegisterController.m; sourceTree = "<group>"; };
		389FF8371BC8A15400F77DB2 /* WASLoginRegisterController.xib */ = {isa = PBXFileReference; fileEncoding = 4; lastKnownFileType = file.xib; path = WASLoginRegisterController.xib; sourceTree = "<group>"; };
		389FF83A1BC8A2FC00F77DB2 /* WSConst.h */ = {isa = PBXFileReference; fileEncoding = 4; lastKnownFileType = sourcecode.c.h; path = WSConst.h; sourceTree = "<group>"; };
		389FF83B1BC8A2FC00F77DB2 /* WSConst.m */ = {isa = PBXFileReference; fileEncoding = 4; lastKnownFileType = sourcecode.c.objc; path = WSConst.m; sourceTree = "<group>"; };
		389FF83D1BC8A37F00F77DB2 /* WASConst.h */ = {isa = PBXFileReference; fileEncoding = 4; lastKnownFileType = sourcecode.c.h; path = WASConst.h; sourceTree = "<group>"; };
		389FF83E1BC8A37F00F77DB2 /* WASConst.m */ = {isa = PBXFileReference; fileEncoding = 4; lastKnownFileType = sourcecode.c.objc; path = WASConst.m; sourceTree = "<group>"; };
		38A3B2BF1BCC8A6A0061430E /* UIImageView+WASExtension.h */ = {isa = PBXFileReference; fileEncoding = 4; lastKnownFileType = sourcecode.c.h; path = "UIImageView+WASExtension.h"; sourceTree = "<group>"; };
		38A3B2C01BCC8A6A0061430E /* UIImageView+WASExtension.m */ = {isa = PBXFileReference; fileEncoding = 4; lastKnownFileType = sourcecode.c.objc; path = "UIImageView+WASExtension.m"; sourceTree = "<group>"; };
		38A3B2C21BCC8B0F0061430E /* UIImage+WASExtension.h */ = {isa = PBXFileReference; fileEncoding = 4; lastKnownFileType = sourcecode.c.h; path = "UIImage+WASExtension.h"; sourceTree = "<group>"; };
		38A3B2C31BCC8B0F0061430E /* UIImage+WASExtension.m */ = {isa = PBXFileReference; fileEncoding = 4; lastKnownFileType = sourcecode.c.objc; path = "UIImage+WASExtension.m"; sourceTree = "<group>"; };
		38A3B2C51BCC95940061430E /* WASPopRecipeListCell.h */ = {isa = PBXFileReference; fileEncoding = 4; lastKnownFileType = sourcecode.c.h; path = WASPopRecipeListCell.h; sourceTree = "<group>"; };
		38A3B2C61BCC95940061430E /* WASPopRecipeListCell.m */ = {isa = PBXFileReference; fileEncoding = 4; lastKnownFileType = sourcecode.c.objc; path = WASPopRecipeListCell.m; sourceTree = "<group>"; };
		38A3B2C71BCC95940061430E /* WASPopRecipeListCell.xib */ = {isa = PBXFileReference; fileEncoding = 4; lastKnownFileType = file.xib; path = WASPopRecipeListCell.xib; sourceTree = "<group>"; };
		38A3B2CA1BCCA64E0061430E /* MJExtensionConfig.h */ = {isa = PBXFileReference; fileEncoding = 4; lastKnownFileType = sourcecode.c.h; path = MJExtensionConfig.h; sourceTree = "<group>"; };
		38A3B2CB1BCCA64E0061430E /* MJExtensionConfig.m */ = {isa = PBXFileReference; fileEncoding = 4; lastKnownFileType = sourcecode.c.objc; path = MJExtensionConfig.m; sourceTree = "<group>"; };
		38A3B2CD1BCCAB120061430E /* WASComment.h */ = {isa = PBXFileReference; fileEncoding = 4; lastKnownFileType = sourcecode.c.h; path = WASComment.h; sourceTree = "<group>"; };
		38A3B2CE1BCCAB120061430E /* WASComment.m */ = {isa = PBXFileReference; fileEncoding = 4; lastKnownFileType = sourcecode.c.objc; path = WASComment.m; sourceTree = "<group>"; };
		38AEA23D1BC9F25B0025F05D /* WASLoginController.xib */ = {isa = PBXFileReference; fileEncoding = 4; lastKnownFileType = file.xib; path = WASLoginController.xib; sourceTree = "<group>"; };
		38AEA23F1BCA0FF30025F05D /* WASShoppingBasketController.h */ = {isa = PBXFileReference; fileEncoding = 4; lastKnownFileType = sourcecode.c.h; path = WASShoppingBasketController.h; sourceTree = "<group>"; };
		38AEA2401BCA0FF30025F05D /* WASShoppingBasketController.m */ = {isa = PBXFileReference; fileEncoding = 4; lastKnownFileType = sourcecode.c.objc; path = WASShoppingBasketController.m; sourceTree = "<group>"; };
		38AEA2411BCA0FF30025F05D /* WASShoppingBasketController.xib */ = {isa = PBXFileReference; fileEncoding = 4; lastKnownFileType = file.xib; path = WASShoppingBasketController.xib; sourceTree = "<group>"; };
		38DA05481BBCE42000921325 /* WASTabBarController.h */ = {isa = PBXFileReference; fileEncoding = 4; lastKnownFileType = sourcecode.c.h; path = WASTabBarController.h; sourceTree = "<group>"; };
		38DA05491BBCE42000921325 /* WASTabBarController.m */ = {isa = PBXFileReference; fileEncoding = 4; lastKnownFileType = sourcecode.c.objc; path = WASTabBarController.m; sourceTree = "<group>"; };
		38DA054B1BBCE57200921325 /* WASTabBar.h */ = {isa = PBXFileReference; fileEncoding = 4; lastKnownFileType = sourcecode.c.h; path = WASTabBar.h; sourceTree = "<group>"; };
		38DA054C1BBCE57200921325 /* WASTabBar.m */ = {isa = PBXFileReference; fileEncoding = 4; lastKnownFileType = sourcecode.c.objc; path = WASTabBar.m; sourceTree = "<group>"; };
		38DA054F1BBCE68000921325 /* UIButton+WASExtension.h */ = {isa = PBXFileReference; fileEncoding = 4; lastKnownFileType = sourcecode.c.h; path = "UIButton+WASExtension.h"; sourceTree = "<group>"; };
		38DA05501BBCE68000921325 /* UIButton+WASExtension.m */ = {isa = PBXFileReference; fileEncoding = 4; lastKnownFileType = sourcecode.c.objc; path = "UIButton+WASExtension.m"; sourceTree = "<group>"; };
		38DA05511BBCE68000921325 /* UIView+WASExtension.h */ = {isa = PBXFileReference; fileEncoding = 4; lastKnownFileType = sourcecode.c.h; path = "UIView+WASExtension.h"; sourceTree = "<group>"; };
		38DA05521BBCE68000921325 /* UIView+WASExtension.m */ = {isa = PBXFileReference; fileEncoding = 4; lastKnownFileType = sourcecode.c.objc; path = "UIView+WASExtension.m"; sourceTree = "<group>"; };
		38DA05551BBCE6AA00921325 /* PrefixHeader.pch */ = {isa = PBXFileReference; lastKnownFileType = sourcecode.c.h; path = PrefixHeader.pch; sourceTree = "<group>"; };
		38DA05561BBCE94400921325 /* WASNavigationController.h */ = {isa = PBXFileReference; fileEncoding = 4; lastKnownFileType = sourcecode.c.h; path = WASNavigationController.h; sourceTree = "<group>"; };
		38DA05571BBCE94400921325 /* WASNavigationController.m */ = {isa = PBXFileReference; fileEncoding = 4; lastKnownFileType = sourcecode.c.objc; path = WASNavigationController.m; sourceTree = "<group>"; };
		38EF2DC11BC6851800A67848 /* WASTabBarButton.h */ = {isa = PBXFileReference; fileEncoding = 4; lastKnownFileType = sourcecode.c.h; path = WASTabBarButton.h; sourceTree = "<group>"; };
		38EF2DC21BC6851800A67848 /* WASTabBarButton.m */ = {isa = PBXFileReference; fileEncoding = 4; lastKnownFileType = sourcecode.c.objc; path = WASTabBarButton.m; sourceTree = "<group>"; };
		38F5125E1BC7D9C300D02B37 /* UIBarButtonItem+WASExtension.h */ = {isa = PBXFileReference; fileEncoding = 4; lastKnownFileType = sourcecode.c.h; path = "UIBarButtonItem+WASExtension.h"; sourceTree = "<group>"; };
		38F5125F1BC7D9C300D02B37 /* UIBarButtonItem+WASExtension.m */ = {isa = PBXFileReference; fileEncoding = 4; lastKnownFileType = sourcecode.c.objc; path = "UIBarButtonItem+WASExtension.m"; sourceTree = "<group>"; };
		38FC167B1BCB7B0C007E4629 /* WASPopList.h */ = {isa = PBXFileReference; fileEncoding = 4; lastKnownFileType = sourcecode.c.h; path = WASPopList.h; sourceTree = "<group>"; };
		38FC167C1BCB7B0C007E4629 /* WASPopList.m */ = {isa = PBXFileReference; fileEncoding = 4; lastKnownFileType = sourcecode.c.objc; path = WASPopList.m; sourceTree = "<group>"; };
		38FC167E1BCB8E65007E4629 /* WASPopListCell.h */ = {isa = PBXFileReference; fileEncoding = 4; lastKnownFileType = sourcecode.c.h; path = WASPopListCell.h; sourceTree = "<group>"; };
		38FC167F1BCB8E65007E4629 /* WASPopListCell.m */ = {isa = PBXFileReference; fileEncoding = 4; lastKnownFileType = sourcecode.c.objc; path = WASPopListCell.m; sourceTree = "<group>"; };
		38FC16801BCB8E65007E4629 /* WASPopListCell.xib */ = {isa = PBXFileReference; fileEncoding = 4; lastKnownFileType = file.xib; path = WASPopListCell.xib; sourceTree = "<group>"; };
		38FC16831BCB9708007E4629 /* lists.plist */ = {isa = PBXFileReference; fileEncoding = 4; lastKnownFileType = text.plist.xml; path = lists.plist; sourceTree = "<group>"; };
		B8043D6E30CB86D6D3F10E6E /* libPods.a */ = {isa = PBXFileReference; explicitFileType = archive.ar; includeInIndex = 0; path = libPods.a; sourceTree = BUILT_PRODUCTS_DIR; };
		DE7787ACF97884C29B526C3F /* Pods.debug.xcconfig */ = {isa = PBXFileReference; includeInIndex = 1; lastKnownFileType = text.xcconfig; name = Pods.debug.xcconfig; path = "Pods/Target Support Files/Pods/Pods.debug.xcconfig"; sourceTree = "<group>"; };
/* End PBXFileReference section */

/* Begin PBXFrameworksBuildPhase section */
		387668031BBCC5250033669C /* Frameworks */ = {
			isa = PBXFrameworksBuildPhase;
			buildActionMask = 2147483647;
			files = (
				44D16C58163CE54F70D7BE78 /* libPods.a in Frameworks */,
			);
			runOnlyForDeploymentPostprocessing = 0;
		};
		3876681C1BBCC5250033669C /* Frameworks */ = {
			isa = PBXFrameworksBuildPhase;
			buildActionMask = 2147483647;
			files = (
			);
			runOnlyForDeploymentPostprocessing = 0;
		};
/* End PBXFrameworksBuildPhase section */

/* Begin PBXGroup section */
		384EB0111BC79C32006E537A /* Self */ = {
			isa = PBXGroup;
			children = (
				384EB0121BC79C32006E537A /* Controller */,
				384EB0151BC79C32006E537A /* Model */,
				384EB0161BC79C32006E537A /* View */,
			);
			path = Self;
			sourceTree = "<group>";
		};
		384EB0121BC79C32006E537A /* Controller */ = {
			isa = PBXGroup;
			children = (
				389FF8321BC8A0CF00F77DB2 /* WASSelfController.h */,
				389FF8331BC8A0CF00F77DB2 /* WASSelfController.m */,
				389FF8351BC8A15400F77DB2 /* WASLoginRegisterController.h */,
				389FF8361BC8A15400F77DB2 /* WASLoginRegisterController.m */,
				389FF8371BC8A15400F77DB2 /* WASLoginRegisterController.xib */,
				384945891BC8EAA400B0D868 /* WASLoginController.h */,
				3849458A1BC8EAA400B0D868 /* WASLoginController.m */,
				38AEA23D1BC9F25B0025F05D /* WASLoginController.xib */,
				384945811BC8C19D00B0D868 /* WASRegisterController.h */,
				384945821BC8C19D00B0D868 /* WASRegisterController.m */,
				384945831BC8C19D00B0D868 /* WASRegisterController.xib */,
			);
			path = Controller;
			sourceTree = "<group>";
		};
		384EB0151BC79C32006E537A /* Model */ = {
			isa = PBXGroup;
			children = (
			);
			path = Model;
			sourceTree = "<group>";
		};
		384EB0161BC79C32006E537A /* View */ = {
			isa = PBXGroup;
			children = (
			);
			path = View;
			sourceTree = "<group>";
		};
		387667FD1BBCC5240033669C = {
			isa = PBXGroup;
			children = (
				387668081BBCC5250033669C /* WASRecipeDemo */,
				387668221BBCC5250033669C /* WASRecipeDemoTests */,
				387668071BBCC5250033669C /* Products */,
				4D28B7F9EA0D8F1E0CB7FC46 /* Pods */,
				7C0B9689D4B44AB9AF0DFF13 /* Frameworks */,
			);
			sourceTree = "<group>";
		};
		387668071BBCC5250033669C /* Products */ = {
			isa = PBXGroup;
			children = (
				387668061BBCC5250033669C /* WASRecipeDemo.app */,
				3876681F1BBCC5250033669C /* WASRecipeDemoTests.xctest */,
			);
			name = Products;
			sourceTree = "<group>";
		};
		387668081BBCC5250033669C /* WASRecipeDemo */ = {
			isa = PBXGroup;
			children = (
				38DA05361BBCE2EA00921325 /* Classes */,
				387668091BBCC5250033669C /* Supporting Files */,
			);
			path = WASRecipeDemo;
			sourceTree = "<group>";
		};
		387668091BBCC5250033669C /* Supporting Files */ = {
			isa = PBXGroup;
			children = (
				387668161BBCC5250033669C /* Images.xcassets */,
				3876680A1BBCC5250033669C /* Info.plist */,
				38FC16831BCB9708007E4629 /* lists.plist */,
			);
			name = "Supporting Files";
			sourceTree = "<group>";
		};
		387668221BBCC5250033669C /* WASRecipeDemoTests */ = {
			isa = PBXGroup;
			children = (
				387668251BBCC5250033669C /* WASRecipeDemoTests.m */,
				387668231BBCC5250033669C /* Supporting Files */,
			);
			path = WASRecipeDemoTests;
			sourceTree = "<group>";
		};
		387668231BBCC5250033669C /* Supporting Files */ = {
			isa = PBXGroup;
			children = (
				387668241BBCC5250033669C /* Info.plist */,
			);
			name = "Supporting Files";
			sourceTree = "<group>";
		};
		38DA05361BBCE2EA00921325 /* Classes */ = {
			isa = PBXGroup;
			children = (
				38DA053B1BBCE2EA00921325 /* homePage */,
				38DA053F1BBCE2EA00921325 /* Makert */,
				38DA05371BBCE2EA00921325 /* Community */,
				384EB0111BC79C32006E537A /* Self */,
				38DA05431BBCE2EA00921325 /* Other */,
			);
			path = Classes;
			sourceTree = "<group>";
		};
		38DA05371BBCE2EA00921325 /* Community */ = {
			isa = PBXGroup;
			children = (
				38DA05381BBCE2EA00921325 /* Controller */,
				38DA05391BBCE2EA00921325 /* Model */,
				38DA053A1BBCE2EA00921325 /* View */,
			);
			path = Community;
			sourceTree = "<group>";
		};
		38DA05381BBCE2EA00921325 /* Controller */ = {
			isa = PBXGroup;
			children = (
				384EB00E1BC79C05006E537A /* WASCommunityController.h */,
				384EB00F1BC79C05006E537A /* WASCommunityController.m */,
			);
			path = Controller;
			sourceTree = "<group>";
		};
		38DA05391BBCE2EA00921325 /* Model */ = {
			isa = PBXGroup;
			children = (
			);
			path = Model;
			sourceTree = "<group>";
		};
		38DA053A1BBCE2EA00921325 /* View */ = {
			isa = PBXGroup;
			children = (
			);
			path = View;
			sourceTree = "<group>";
		};
		38DA053B1BBCE2EA00921325 /* homePage */ = {
			isa = PBXGroup;
			children = (
				38DA053C1BBCE2EA00921325 /* Controller */,
				38DA053D1BBCE2EA00921325 /* Model */,
				38DA053E1BBCE2EA00921325 /* View */,
			);
			path = homePage;
			sourceTree = "<group>";
		};
		38DA053C1BBCE2EA00921325 /* Controller */ = {
			isa = PBXGroup;
			children = (
				384EB0081BC7757A006E537A /* WASHomePageController.h */,
				384EB0091BC7757A006E537A /* WASHomePageController.m */,
				38AEA23F1BCA0FF30025F05D /* WASShoppingBasketController.h */,
				38AEA2401BCA0FF30025F05D /* WASShoppingBasketController.m */,
				38AEA2411BCA0FF30025F05D /* WASShoppingBasketController.xib */,
			);
			path = Controller;
			sourceTree = "<group>";
		};
		38DA053D1BBCE2EA00921325 /* Model */ = {
			isa = PBXGroup;
			children = (
				38A3B2CD1BCCAB120061430E /* WASComment.h */,
				38A3B2CE1BCCAB120061430E /* WASComment.m */,
				38FC167B1BCB7B0C007E4629 /* WASPopList.h */,
				38FC167C1BCB7B0C007E4629 /* WASPopList.m */,
				38057C3D1BCBD7ED001A8784 /* WASPopRecipeList.h */,
				38057C3E1BCBD7ED001A8784 /* WASPopRecipeList.m */,
				38057C3A1BCBD729001A8784 /* WASUer.h */,
				38057C3B1BCBD729001A8784 /* WASUer.m */,
			);
			path = Model;
			sourceTree = "<group>";
		};
		38DA053E1BBCE2EA00921325 /* View */ = {
			isa = PBXGroup;
			children = (
				38FC167E1BCB8E65007E4629 /* WASPopListCell.h */,
				38FC167F1BCB8E65007E4629 /* WASPopListCell.m */,
				38FC16801BCB8E65007E4629 /* WASPopListCell.xib */,
				38A3B2C51BCC95940061430E /* WASPopRecipeListCell.h */,
				38A3B2C61BCC95940061430E /* WASPopRecipeListCell.m */,
				38A3B2C71BCC95940061430E /* WASPopRecipeListCell.xib */,
			);
			path = View;
			sourceTree = "<group>";
		};
		38DA053F1BBCE2EA00921325 /* Makert */ = {
			isa = PBXGroup;
			children = (
				38DA05401BBCE2EA00921325 /* Controller */,
				38DA05411BBCE2EA00921325 /* Model */,
				38DA05421BBCE2EA00921325 /* View */,
			);
			path = Makert;
			sourceTree = "<group>";
		};
		38DA05401BBCE2EA00921325 /* Controller */ = {
			isa = PBXGroup;
			children = (
				384EB00B1BC79BC2006E537A /* WASMakertController.h */,
				384EB00C1BC79BC2006E537A /* WASMakertController.m */,
			);
			path = Controller;
			sourceTree = "<group>";
		};
		38DA05411BBCE2EA00921325 /* Model */ = {
			isa = PBXGroup;
			children = (
			);
			path = Model;
			sourceTree = "<group>";
		};
		38DA05421BBCE2EA00921325 /* View */ = {
			isa = PBXGroup;
			children = (
			);
			path = View;
			sourceTree = "<group>";
		};
		38DA05431BBCE2EA00921325 /* Other */ = {
			isa = PBXGroup;
			children = (
				38DA05441BBCE2EA00921325 /* Controller */,
				38DA05451BBCE2EA00921325 /* Model */,
				38DA05461BBCE2EA00921325 /* View */,
				38DA054E1BBCE60D00921325 /* Category */,
				3876680D1BBCC5250033669C /* AppDelegate.h */,
				3876680E1BBCC5250033669C /* AppDelegate.m */,
				389FF83A1BC8A2FC00F77DB2 /* WSConst.h */,
				389FF83B1BC8A2FC00F77DB2 /* WSConst.m */,
				389FF83D1BC8A37F00F77DB2 /* WASConst.h */,
				389FF83E1BC8A37F00F77DB2 /* WASConst.m */,
				38A3B2CA1BCCA64E0061430E /* MJExtensionConfig.h */,
				38A3B2CB1BCCA64E0061430E /* MJExtensionConfig.m */,
				38DA05551BBCE6AA00921325 /* PrefixHeader.pch */,
				3876680B1BBCC5250033669C /* main.m */,
			);
			path = Other;
			sourceTree = "<group>";
		};
		38DA05441BBCE2EA00921325 /* Controller */ = {
			isa = PBXGroup;
			children = (
				38DA05481BBCE42000921325 /* WASTabBarController.h */,
				38DA05491BBCE42000921325 /* WASTabBarController.m */,
				38DA05561BBCE94400921325 /* WASNavigationController.h */,
				38DA05571BBCE94400921325 /* WASNavigationController.m */,
			);
			path = Controller;
			sourceTree = "<group>";
		};
		38DA05451BBCE2EA00921325 /* Model */ = {
			isa = PBXGroup;
			children = (
			);
			path = Model;
			sourceTree = "<group>";
		};
		38DA05461BBCE2EA00921325 /* View */ = {
			isa = PBXGroup;
			children = (
				38DA054B1BBCE57200921325 /* WASTabBar.h */,
				38DA054C1BBCE57200921325 /* WASTabBar.m */,
				38EF2DC11BC6851800A67848 /* WASTabBarButton.h */,
				38EF2DC21BC6851800A67848 /* WASTabBarButton.m */,
			);
			path = View;
			sourceTree = "<group>";
		};
		38DA054E1BBCE60D00921325 /* Category */ = {
			isa = PBXGroup;
			children = (
				38DA054F1BBCE68000921325 /* UIButton+WASExtension.h */,
				38DA05501BBCE68000921325 /* UIButton+WASExtension.m */,
				38F5125E1BC7D9C300D02B37 /* UIBarButtonItem+WASExtension.h */,
				38F5125F1BC7D9C300D02B37 /* UIBarButtonItem+WASExtension.m */,
				38DA05511BBCE68000921325 /* UIView+WASExtension.h */,
				38DA05521BBCE68000921325 /* UIView+WASExtension.m */,
				38A3B2C21BCC8B0F0061430E /* UIImage+WASExtension.h */,
				38A3B2C31BCC8B0F0061430E /* UIImage+WASExtension.m */,
				38A3B2BF1BCC8A6A0061430E /* UIImageView+WASExtension.h */,
				38A3B2C01BCC8A6A0061430E /* UIImageView+WASExtension.m */,
			);
			path = Category;
			sourceTree = "<group>";
		};
		4D28B7F9EA0D8F1E0CB7FC46 /* Pods */ = {
			isa = PBXGroup;
			children = (
				DE7787ACF97884C29B526C3F /* Pods.debug.xcconfig */,
				36F499F93B2D348F5C91DF79 /* Pods.release.xcconfig */,
			);
			name = Pods;
			sourceTree = "<group>";
		};
		7C0B9689D4B44AB9AF0DFF13 /* Frameworks */ = {
			isa = PBXGroup;
			children = (
				B8043D6E30CB86D6D3F10E6E /* libPods.a */,
			);
			name = Frameworks;
			sourceTree = "<group>";
		};
/* End PBXGroup section */

/* Begin PBXNativeTarget section */
		387668051BBCC5250033669C /* WASRecipeDemo */ = {
			isa = PBXNativeTarget;
			buildConfigurationList = 387668291BBCC5250033669C /* Build configuration list for PBXNativeTarget "WASRecipeDemo" */;
			buildPhases = (
				CB30F21AD62898D7BE3CAD61 /* Check Pods Manifest.lock */,
				387668021BBCC5250033669C /* Sources */,
				387668031BBCC5250033669C /* Frameworks */,
				387668041BBCC5250033669C /* Resources */,
				AF7610A45C44634338596725 /* Copy Pods Resources */,
			);
			buildRules = (
			);
			dependencies = (
			);
			name = WASRecipeDemo;
			productName = WASRecipeDemo;
			productReference = 387668061BBCC5250033669C /* WASRecipeDemo.app */;
			productType = "com.apple.product-type.application";
		};
		3876681E1BBCC5250033669C /* WASRecipeDemoTests */ = {
			isa = PBXNativeTarget;
			buildConfigurationList = 3876682C1BBCC5250033669C /* Build configuration list for PBXNativeTarget "WASRecipeDemoTests" */;
			buildPhases = (
				3876681B1BBCC5250033669C /* Sources */,
				3876681C1BBCC5250033669C /* Frameworks */,
				3876681D1BBCC5250033669C /* Resources */,
			);
			buildRules = (
			);
			dependencies = (
				387668211BBCC5250033669C /* PBXTargetDependency */,
			);
			name = WASRecipeDemoTests;
			productName = WASRecipeDemoTests;
			productReference = 3876681F1BBCC5250033669C /* WASRecipeDemoTests.xctest */;
			productType = "com.apple.product-type.bundle.unit-test";
		};
/* End PBXNativeTarget section */

/* Begin PBXProject section */
		387667FE1BBCC5240033669C /* Project object */ = {
			isa = PBXProject;
			attributes = {
				CLASSPREFIX = WAS;
				LastUpgradeCheck = 0640;
				ORGANIZATIONNAME = sanking;
				TargetAttributes = {
					387668051BBCC5250033669C = {
						CreatedOnToolsVersion = 6.4;
					};
					3876681E1BBCC5250033669C = {
						CreatedOnToolsVersion = 6.4;
						TestTargetID = 387668051BBCC5250033669C;
					};
				};
			};
			buildConfigurationList = 387668011BBCC5240033669C /* Build configuration list for PBXProject "WASRecipeDemo" */;
			compatibilityVersion = "Xcode 3.2";
			developmentRegion = English;
			hasScannedForEncodings = 0;
			knownRegions = (
				en,
				Base,
			);
			mainGroup = 387667FD1BBCC5240033669C;
			productRefGroup = 387668071BBCC5250033669C /* Products */;
			projectDirPath = "";
			projectRoot = "";
			targets = (
				387668051BBCC5250033669C /* WASRecipeDemo */,
				3876681E1BBCC5250033669C /* WASRecipeDemoTests */,
			);
		};
/* End PBXProject section */

/* Begin PBXResourcesBuildPhase section */
		387668041BBCC5250033669C /* Resources */ = {
			isa = PBXResourcesBuildPhase;
			buildActionMask = 2147483647;
			files = (
				389FF8391BC8A15400F77DB2 /* WASLoginRegisterController.xib in Resources */,
				38A3B2C91BCC95940061430E /* WASPopRecipeListCell.xib in Resources */,
				384945851BC8C19D00B0D868 /* WASRegisterController.xib in Resources */,
				38AEA2431BCA0FF30025F05D /* WASShoppingBasketController.xib in Resources */,
				387668171BBCC5250033669C /* Images.xcassets in Resources */,
				38FC16821BCB8E65007E4629 /* WASPopListCell.xib in Resources */,
				38FC16841BCB9708007E4629 /* lists.plist in Resources */,
				38AEA23E1BC9F25B0025F05D /* WASLoginController.xib in Resources */,
			);
			runOnlyForDeploymentPostprocessing = 0;
		};
		3876681D1BBCC5250033669C /* Resources */ = {
			isa = PBXResourcesBuildPhase;
			buildActionMask = 2147483647;
			files = (
			);
			runOnlyForDeploymentPostprocessing = 0;
		};
/* End PBXResourcesBuildPhase section */

/* Begin PBXShellScriptBuildPhase section */
		AF7610A45C44634338596725 /* Copy Pods Resources */ = {
			isa = PBXShellScriptBuildPhase;
			buildActionMask = 2147483647;
			files = (
			);
			inputPaths = (
			);
			name = "Copy Pods Resources";
			outputPaths = (
			);
			runOnlyForDeploymentPostprocessing = 0;
			shellPath = /bin/sh;
			shellScript = "\"${SRCROOT}/Pods/Target Support Files/Pods/Pods-resources.sh\"\n";
			showEnvVarsInLog = 0;
		};
		CB30F21AD62898D7BE3CAD61 /* Check Pods Manifest.lock */ = {
			isa = PBXShellScriptBuildPhase;
			buildActionMask = 2147483647;
			files = (
			);
			inputPaths = (
			);
			name = "Check Pods Manifest.lock";
			outputPaths = (
			);
			runOnlyForDeploymentPostprocessing = 0;
			shellPath = /bin/sh;
			shellScript = "diff \"${PODS_ROOT}/../Podfile.lock\" \"${PODS_ROOT}/Manifest.lock\" > /dev/null\nif [[ $? != 0 ]] ; then\n    cat << EOM\nerror: The sandbox is not in sync with the Podfile.lock. Run 'pod install' or update your CocoaPods installation.\nEOM\n    exit 1\nfi\n";
			showEnvVarsInLog = 0;
		};
/* End PBXShellScriptBuildPhase section */

/* Begin PBXSourcesBuildPhase section */
		387668021BBCC5250033669C /* Sources */ = {
			isa = PBXSourcesBuildPhase;
			buildActionMask = 2147483647;
			files = (
				389FF8341BC8A0CF00F77DB2 /* WASSelfController.m in Sources */,
				38FC16811BCB8E65007E4629 /* WASPopListCell.m in Sources */,
				3876680F1BBCC5250033669C /* AppDelegate.m in Sources */,
				38AEA2421BCA0FF30025F05D /* WASShoppingBasketController.m in Sources */,
				38057C3F1BCBD7ED001A8784 /* WASPopRecipeList.m in Sources */,
				38DA054D1BBCE57200921325 /* WASTabBar.m in Sources */,
				38A3B2C41BCC8B0F0061430E /* UIImage+WASExtension.m in Sources */,
				38DA05541BBCE68000921325 /* UIView+WASExtension.m in Sources */,
				384945841BC8C19D00B0D868 /* WASRegisterController.m in Sources */,
				38FC167D1BCB7B0C007E4629 /* WASPopList.m in Sources */,
				3876680C1BBCC5250033669C /* main.m in Sources */,
				38A3B2C81BCC95940061430E /* WASPopRecipeListCell.m in Sources */,
				38DA05581BBCE94400921325 /* WASNavigationController.m in Sources */,
				3849458C1BC8EAA400B0D868 /* WASLoginController.m in Sources */,
				38A3B2C11BCC8A6A0061430E /* UIImageView+WASExtension.m in Sources */,
				384EB0101BC79C05006E537A /* WASCommunityController.m in Sources */,
				389FF83F1BC8A37F00F77DB2 /* WASConst.m in Sources */,
				38DA05531BBCE68000921325 /* UIButton+WASExtension.m in Sources */,
				38057C3C1BCBD729001A8784 /* WASUer.m in Sources */,
				389FF8381BC8A15400F77DB2 /* WASLoginRegisterController.m in Sources */,
				38DA054A1BBCE42000921325 /* WASTabBarController.m in Sources */,
				384EB00D1BC79BC2006E537A /* WASMakertController.m in Sources */,
				384EB00A1BC7757A006E537A /* WASHomePageController.m in Sources */,
				38A3B2CC1BCCA64E0061430E /* MJExtensionConfig.m in Sources */,
				389FF83C1BC8A2FC00F77DB2 /* WSConst.m in Sources */,
				38A3B2CF1BCCAB120061430E /* WASComment.m in Sources */,
				38F512601BC7D9C300D02B37 /* UIBarButtonItem+WASExtension.m in Sources */,
				38EF2DC31BC6851800A67848 /* WASTabBarButton.m in Sources */,
			);
			runOnlyForDeploymentPostprocessing = 0;
		};
		3876681B1BBCC5250033669C /* Sources */ = {
			isa = PBXSourcesBuildPhase;
			buildActionMask = 2147483647;
			files = (
				387668261BBCC5250033669C /* WASRecipeDemoTests.m in Sources */,
			);
			runOnlyForDeploymentPostprocessing = 0;
		};
/* End PBXSourcesBuildPhase section */

/* Begin PBXTargetDependency section */
		387668211BBCC5250033669C /* PBXTargetDependency */ = {
			isa = PBXTargetDependency;
			target = 387668051BBCC5250033669C /* WASRecipeDemo */;
			targetProxy = 387668201BBCC5250033669C /* PBXContainerItemProxy */;
		};
/* End PBXTargetDependency section */

/* Begin XCBuildConfiguration section */
		387668271BBCC5250033669C /* Debug */ = {
			isa = XCBuildConfiguration;
			buildSettings = {
				ALWAYS_SEARCH_USER_PATHS = NO;
				CLANG_CXX_LANGUAGE_STANDARD = "gnu++0x";
				CLANG_CXX_LIBRARY = "libc++";
				CLANG_ENABLE_MODULES = YES;
				CLANG_ENABLE_OBJC_ARC = YES;
				CLANG_WARN_BOOL_CONVERSION = YES;
				CLANG_WARN_CONSTANT_CONVERSION = YES;
				CLANG_WARN_DIRECT_OBJC_ISA_USAGE = YES_ERROR;
				CLANG_WARN_EMPTY_BODY = YES;
				CLANG_WARN_ENUM_CONVERSION = YES;
				CLANG_WARN_INT_CONVERSION = YES;
				CLANG_WARN_OBJC_ROOT_CLASS = YES_ERROR;
				CLANG_WARN_UNREACHABLE_CODE = YES;
				CLANG_WARN__DUPLICATE_METHOD_MATCH = YES;
				"CODE_SIGN_IDENTITY[sdk=iphoneos*]" = "iPhone Developer";
				COPY_PHASE_STRIP = NO;
				DEBUG_INFORMATION_FORMAT = "dwarf-with-dsym";
				ENABLE_STRICT_OBJC_MSGSEND = YES;
				GCC_C_LANGUAGE_STANDARD = gnu99;
				GCC_DYNAMIC_NO_PIC = NO;
				GCC_NO_COMMON_BLOCKS = YES;
				GCC_OPTIMIZATION_LEVEL = 0;
				GCC_PREPROCESSOR_DEFINITIONS = (
					"DEBUG=1",
					"$(inherited)",
				);
				GCC_SYMBOLS_PRIVATE_EXTERN = NO;
				GCC_WARN_64_TO_32_BIT_CONVERSION = YES;
				GCC_WARN_ABOUT_RETURN_TYPE = YES_ERROR;
				GCC_WARN_UNDECLARED_SELECTOR = YES;
				GCC_WARN_UNINITIALIZED_AUTOS = YES_AGGRESSIVE;
				GCC_WARN_UNUSED_FUNCTION = YES;
				GCC_WARN_UNUSED_VARIABLE = YES;
				IPHONEOS_DEPLOYMENT_TARGET = 8.4;
				MTL_ENABLE_DEBUG_INFO = YES;
				ONLY_ACTIVE_ARCH = YES;
				SDKROOT = iphoneos;
			};
			name = Debug;
		};
		387668281BBCC5250033669C /* Release */ = {
			isa = XCBuildConfiguration;
			buildSettings = {
				ALWAYS_SEARCH_USER_PATHS = NO;
				CLANG_CXX_LANGUAGE_STANDARD = "gnu++0x";
				CLANG_CXX_LIBRARY = "libc++";
				CLANG_ENABLE_MODULES = YES;
				CLANG_ENABLE_OBJC_ARC = YES;
				CLANG_WARN_BOOL_CONVERSION = YES;
				CLANG_WARN_CONSTANT_CONVERSION = YES;
				CLANG_WARN_DIRECT_OBJC_ISA_USAGE = YES_ERROR;
				CLANG_WARN_EMPTY_BODY = YES;
				CLANG_WARN_ENUM_CONVERSION = YES;
				CLANG_WARN_INT_CONVERSION = YES;
				CLANG_WARN_OBJC_ROOT_CLASS = YES_ERROR;
				CLANG_WARN_UNREACHABLE_CODE = YES;
				CLANG_WARN__DUPLICATE_METHOD_MATCH = YES;
				"CODE_SIGN_IDENTITY[sdk=iphoneos*]" = "iPhone Developer";
				COPY_PHASE_STRIP = NO;
				DEBUG_INFORMATION_FORMAT = "dwarf-with-dsym";
				ENABLE_NS_ASSERTIONS = NO;
				ENABLE_STRICT_OBJC_MSGSEND = YES;
				GCC_C_LANGUAGE_STANDARD = gnu99;
				GCC_NO_COMMON_BLOCKS = YES;
				GCC_WARN_64_TO_32_BIT_CONVERSION = YES;
				GCC_WARN_ABOUT_RETURN_TYPE = YES_ERROR;
				GCC_WARN_UNDECLARED_SELECTOR = YES;
				GCC_WARN_UNINITIALIZED_AUTOS = YES_AGGRESSIVE;
				GCC_WARN_UNUSED_FUNCTION = YES;
				GCC_WARN_UNUSED_VARIABLE = YES;
				IPHONEOS_DEPLOYMENT_TARGET = 8.4;
				MTL_ENABLE_DEBUG_INFO = NO;
				SDKROOT = iphoneos;
				VALIDATE_PRODUCT = YES;
			};
			name = Release;
		};
		3876682A1BBCC5250033669C /* Debug */ = {
			isa = XCBuildConfiguration;
			baseConfigurationReference = DE7787ACF97884C29B526C3F /* Pods.debug.xcconfig */;
			buildSettings = {
				ASSETCATALOG_COMPILER_APPICON_NAME = AppIcon;
				ASSETCATALOG_COMPILER_LAUNCHIMAGE_NAME = LaunchImage;
				GCC_PREFIX_HEADER = WASRecipeDemo/Classes/Other/PrefixHeader.pch;
				INFOPLIST_FILE = WASRecipeDemo/Info.plist;
				LD_RUNPATH_SEARCH_PATHS = "$(inherited) @executable_path/Frameworks";
				PRODUCT_NAME = "$(TARGET_NAME)";
			};
			name = Debug;
		};
		3876682B1BBCC5250033669C /* Release */ = {
			isa = XCBuildConfiguration;
			baseConfigurationReference = 36F499F93B2D348F5C91DF79 /* Pods.release.xcconfig */;
			buildSettings = {
				ASSETCATALOG_COMPILER_APPICON_NAME = AppIcon;
				ASSETCATALOG_COMPILER_LAUNCHIMAGE_NAME = LaunchImage;
				GCC_PREFIX_HEADER = WASRecipeDemo/Classes/Other/PrefixHeader.pch;
				INFOPLIST_FILE = WASRecipeDemo/Info.plist;
				LD_RUNPATH_SEARCH_PATHS = "$(inherited) @executable_path/Frameworks";
				PRODUCT_NAME = "$(TARGET_NAME)";
			};
			name = Release;
		};
		3876682D1BBCC5250033669C /* Debug */ = {
			isa = XCBuildConfiguration;
			buildSettings = {
				BUNDLE_LOADER = "$(TEST_HOST)";
				FRAMEWORK_SEARCH_PATHS = (
					"$(SDKROOT)/Developer/Library/Frameworks",
					"$(inherited)",
				);
				GCC_PREPROCESSOR_DEFINITIONS = (
					"DEBUG=1",
					"$(inherited)",
				);
				INFOPLIST_FILE = WASRecipeDemoTests/Info.plist;
				LD_RUNPATH_SEARCH_PATHS = "$(inherited) @executable_path/Frameworks @loader_path/Frameworks";
				PRODUCT_NAME = "$(TARGET_NAME)";
				TEST_HOST = "$(BUILT_PRODUCTS_DIR)/WASRecipeDemo.app/WASRecipeDemo";
			};
			name = Debug;
		};
		3876682E1BBCC5250033669C /* Release */ = {
			isa = XCBuildConfiguration;
			buildSettings = {
				BUNDLE_LOADER = "$(TEST_HOST)";
				FRAMEWORK_SEARCH_PATHS = (
					"$(SDKROOT)/Developer/Library/Frameworks",
					"$(inherited)",
				);
				INFOPLIST_FILE = WASRecipeDemoTests/Info.plist;
				LD_RUNPATH_SEARCH_PATHS = "$(inherited) @executable_path/Frameworks @loader_path/Frameworks";
				PRODUCT_NAME = "$(TARGET_NAME)";
				TEST_HOST = "$(BUILT_PRODUCTS_DIR)/WASRecipeDemo.app/WASRecipeDemo";
			};
			name = Release;
		};
/* End XCBuildConfiguration section */

/* Begin XCConfigurationList section */
		387668011BBCC5240033669C /* Build configuration list for PBXProject "WASRecipeDemo" */ = {
			isa = XCConfigurationList;
			buildConfigurations = (
				387668271BBCC5250033669C /* Debug */,
				387668281BBCC5250033669C /* Release */,
			);
			defaultConfigurationIsVisible = 0;
			defaultConfigurationName = Release;
		};
		387668291BBCC5250033669C /* Build configuration list for PBXNativeTarget "WASRecipeDemo" */ = {
			isa = XCConfigurationList;
			buildConfigurations = (
				3876682A1BBCC5250033669C /* Debug */,
				3876682B1BBCC5250033669C /* Release */,
			);
			defaultConfigurationIsVisible = 0;
			defaultConfigurationName = Release;
		};
		3876682C1BBCC5250033669C /* Build configuration list for PBXNativeTarget "WASRecipeDemoTests" */ = {
			isa = XCConfigurationList;
			buildConfigurations = (
				3876682D1BBCC5250033669C /* Debug */,
				3876682E1BBCC5250033669C /* Release */,
			);
			defaultConfigurationIsVisible = 0;
			defaultConfigurationName = Release;
		};
/* End XCConfigurationList section */
	};
	rootObject = 387667FE1BBCC5240033669C /* Project object */;
}
